
Microsoft Visual Studio Solution File, Format Version 12.00
# Visual Studio Version 16
VisualStudioVersion = 16.0.32106.194
MinimumVisualStudioVersion = 10.0.40219.1
Project("{9A19103F-16F7-4668-BE54-9A1E7A4F7556}") = "ProjetoAgenciaTI11T", "ProjetoAgenciaTI11T.csproj", "{DFE11BB1-DA94-453E-8427-C3BE7175765D}"
EndProject
Global
	GlobalSection(SolutionConfigurationPlatforms) = preSolution
		Debug|Any CPU = Debug|Any CPU
		Debug|ARM32 = Debug|ARM32
		Release|Any CPU = Release|Any CPU
		Release|ARM32 = Release|ARM32
	EndGlobalSection
	GlobalSection(ProjectConfigurationPlatforms) = postSolution
		{DFE11BB1-DA94-453E-8427-C3BE7175765D}.Debug|Any CPU.ActiveCfg = Debug|Any CPU
		{DFE11BB1-DA94-453E-8427-C3BE7175765D}.Debug|Any CPU.Build.0 = Debug|Any CPU
		{DFE11BB1-DA94-453E-8427-C3BE7175765D}.Debug|ARM32.ActiveCfg = Debug|ARM32
		{DFE11BB1-DA94-453E-8427-C3BE7175765D}.Debug|ARM32.Build.0 = Debug|ARM32
		{DFE11BB1-DA94-453E-8427-C3BE7175765D}.Release|Any CPU.ActiveCfg = Release|Any CPU
		{DFE11BB1-DA94-453E-8427-C3BE7175765D}.Release|Any CPU.Build.0 = Release|Any CPU
		{DFE11BB1-DA94-453E-8427-C3BE7175765D}.Release|ARM32.ActiveCfg = Release|ARM32
		{DFE11BB1-DA94-453E-8427-C3BE7175765D}.Release|ARM32.Build.0 = Release|ARM32
	EndGlobalSection
	GlobalSection(SolutionProperties) = preSolution
		HideSolutionNode = FALSE
	EndGlobalSection
	GlobalSection(ExtensibilityGlobals) = postSolution
		SolutionGuid = {C0CE2B7B-72FE-4582-96BC-60D6F67503D4}
	EndGlobalSection
EndGlobal
